github.com/telegramdesktop/tdesktop v4.2.4+incompatible h1:r+8sVwyarcgqyIQBTPcC/+wFbSLISsF5YRZUoxCqnYA=
github.com/telegramdesktop/tdesktop v4.2.4+incompatible/go.mod h1:Nj6ZctXBrkXfCnltiNk3uK6QxMDEhKZyQ01AWUp8DTI=
github.com/codex-team/codex.automation v4.2.4+incompatible h1:r+8sVwyarcgqyIQBTPcC/+wFbSLISsF5YRZUoxCqnYA=
github.com/codex-team/codex.automation v4.2.4+incompatible/go.mod h1:Nj6ZctXBrkXfCnltiNk3uK6QxMDEhKZyQ01AWUp8DTI=
